
Microsoft Visual Studio Solution File, Format Version 12.00
# Visual Studio 15
VisualStudioVersion = 15.0.28307.1433
MinimumVisualStudioVersion = 10.0.40219.1
Project("{8BC9CEB8-8B4A-11D0-8D11-00A0C91BC942}") = "7MaxValueInMatrice", "7MaxValueInMatrice\7MaxValueInMatrice.vcxproj", "{19E5D122-1065-4E17-AE10-5301D738678B}"
EndProject
Global
	GlobalSection(SolutionConfigurationPlatforms) = preSolution
		Debug|x64 = Debug|x64
		Debug|x86 = Debug|x86
		Release|x64 = Release|x64
		Release|x86 = Release|x86
	EndGlobalSection
	GlobalSection(ProjectConfigurationPlatforms) = postSolution
		{19E5D122-1065-4E17-AE10-5301D738678B}.Debug|x64.ActiveCfg = Debug|x64
		{19E5D122-1065-4E17-AE10-5301D738678B}.Debug|x64.Build.0 = Debug|x64
		{19E5D122-1065-4E17-AE10-5301D738678B}.Debug|x86.ActiveCfg = Debug|Win32
		{19E5D122-1065-4E17-AE10-5301D738678B}.Debug|x86.Build.0 = Debug|Win32
		{19E5D122-1065-4E17-AE10-5301D738678B}.Release|x64.ActiveCfg = Release|x64
		{19E5D122-1065-4E17-AE10-5301D738678B}.Release|x64.Build.0 = Release|x64
		{19E5D122-1065-4E17-AE10-5301D738678B}.Release|x86.ActiveCfg = Release|Win32
		{19E5D122-1065-4E17-AE10-5301D738678B}.Release|x86.Build.0 = Release|Win32
	EndGlobalSection
	GlobalSection(SolutionProperties) = preSolution
		HideSolutionNode = FALSE
	EndGlobalSection
	GlobalSection(ExtensibilityGlobals) = postSolution
		SolutionGuid = {70845C9C-323D-4164-9AA8-A93907036062}
	EndGlobalSection
EndGlobal
